// !$*UTF8*$!
{
	archiveVersion = 1;
	classes = {
	};
	objectVersion = 56;
	objects = {

/* Begin PBXBuildFile section */
		006338E329E33C3800B8BAC8 /* Test_App_GithubApp.swift in Sources */ = {isa = PBXBuildFile; fileRef = 006338E229E33C3800B8BAC8 /* Test_App_GithubApp.swift */; };
		006338E529E33C3800B8BAC8 /* ContentView.swift in Sources */ = {isa = PBXBuildFile; fileRef = 006338E429E33C3800B8BAC8 /* ContentView.swift */; };
		006338E729E33C3900B8BAC8 /* Assets.xcassets in Resources */ = {isa = PBXBuildFile; fileRef = 006338E629E33C3900B8BAC8 /* Assets.xcassets */; };
		006338EB29E33C3900B8BAC8 /* Preview Assets.xcassets in Resources */ = {isa = PBXBuildFile; fileRef = 006338EA29E33C3900B8BAC8 /* Preview Assets.xcassets */; };
		006338F529E33C3900B8BAC8 /* Test_App_GithubTests.swift in Sources */ = {isa = PBXBuildFile; fileRef = 006338F429E33C3900B8BAC8 /* Test_App_GithubTests.swift */; };
		006338FF29E33C3900B8BAC8 /* Test_App_GithubUITests.swift in Sources */ = {isa = PBXBuildFile; fileRef = 006338FE29E33C3900B8BAC8 /* Test_App_GithubUITests.swift */; };
		0063390129E33C3900B8BAC8 /* Test_App_GithubUITestsLaunchTests.swift in Sources */ = {isa = PBXBuildFile; fileRef = 0063390029E33C3900B8BAC8 /* Test_App_GithubUITestsLaunchTests.swift */; };
/* End PBXBuildFile section */

/* Begin PBXContainerItemProxy section */
		006338F129E33C3900B8BAC8 /* PBXContainerItemProxy */ = {
			isa = PBXContainerItemProxy;
			containerPortal = 006338D729E33C3800B8BAC8 /* Project object */;
			proxyType = 1;
			remoteGlobalIDString = 006338DE29E33C3800B8BAC8;
			remoteInfo = "Test App Github";
		};
		006338FB29E33C3900B8BAC8 /* PBXContainerItemProxy */ = {
			isa = PBXContainerItemProxy;
			containerPortal = 006338D729E33C3800B8BAC8 /* Project object */;
			proxyType = 1;
			remoteGlobalIDString = 006338DE29E33C3800B8BAC8;
			remoteInfo = "Test App Github";
		};
/* End PBXContainerItemProxy section */

/* Begin PBXFileReference section */
		006338DF29E33C3800B8BAC8 /* Test App Github.app */ = {isa = PBXFileReference; explicitFileType = wrapper.application; includeInIndex = 0; path = "Test App Github.app"; sourceTree = BUILT_PRODUCTS_DIR; };
		006338E229E33C3800B8BAC8 /* Test_App_GithubApp.swift */ = {isa = PBXFileReference; lastKnownFileType = sourcecode.swift; path = Test_App_GithubApp.swift; sourceTree = "<group>"; };
		006338E429E33C3800B8BAC8 /* ContentView.swift */ = {isa = PBXFileReference; lastKnownFileType = sourcecode.swift; path = ContentView.swift; sourceTree = "<group>"; };
		006338E629E33C3900B8BAC8 /* Assets.xcassets */ = {isa = PBXFileReference; lastKnownFileType = folder.assetcatalog; path = Assets.xcassets; sourceTree = "<group>"; };
		006338E829E33C3900B8BAC8 /* Test_App_Github.entitlements */ = {isa = PBXFileReference; lastKnownFileType = text.plist.entitlements; path = Test_App_Github.entitlements; sourceTree = "<group>"; };
		006338EA29E33C3900B8BAC8 /* Preview Assets.xcassets */ = {isa = PBXFileReference; lastKnownFileType = folder.assetcatalog; path = "Preview Assets.xcassets"; sourceTree = "<group>"; };
		006338F029E33C3900B8BAC8 /* Test App GithubTests.xctest */ = {isa = PBXFileReference; explicitFileType = wrapper.cfbundle; includeInIndex = 0; path = "Test App GithubTests.xctest"; sourceTree = BUILT_PRODUCTS_DIR; };
		006338F429E33C3900B8BAC8 /* Test_App_GithubTests.swift */ = {isa = PBXFileReference; lastKnownFileType = sourcecode.swift; path = Test_App_GithubTests.swift; sourceTree = "<group>"; };
		006338FA29E33C3900B8BAC8 /* Test App GithubUITests.xctest */ = {isa = PBXFileReference; explicitFileType = wrapper.cfbundle; includeInIndex = 0; path = "Test App GithubUITests.xctest"; sourceTree = BUILT_PRODUCTS_DIR; };
		006338FE29E33C3900B8BAC8 /* Test_App_GithubUITests.swift */ = {isa = PBXFileReference; lastKnownFileType = sourcecode.swift; path = Test_App_GithubUITests.swift; sourceTree = "<group>"; };
		0063390029E33C3900B8BAC8 /* Test_App_GithubUITestsLaunchTests.swift */ = {isa = PBXFileReference; lastKnownFileType = sourcecode.swift; path = Test_App_GithubUITestsLaunchTests.swift; sourceTree = "<group>"; };
/* End PBXFileReference section */

/* Begin PBXFrameworksBuildPhase section */
		006338DC29E33C3800B8BAC8 /* Frameworks */ = {
			isa = PBXFrameworksBuildPhase;
			buildActionMask = 2147483647;
			files = (
			);
			runOnlyForDeploymentPostprocessing = 0;
		};
		006338ED29E33C3900B8BAC8 /* Frameworks */ = {
			isa = PBXFrameworksBuildPhase;
			buildActionMask = 2147483647;
			files = (
			);
			runOnlyForDeploymentPostprocessing = 0;
		};
		006338F729E33C3900B8BAC8 /* Frameworks */ = {
			isa = PBXFrameworksBuildPhase;
			buildActionMask = 2147483647;
			files = (
			);
			runOnlyForDeploymentPostprocessing = 0;
		};
/* End PBXFrameworksBuildPhase section */

/* Begin PBXGroup section */
		006338D629E33C3800B8BAC8 = {
			isa = PBXGroup;
			children = (
				006338E129E33C3800B8BAC8 /* Test App Github */,
				006338F329E33C3900B8BAC8 /* Test App GithubTests */,
				006338FD29E33C3900B8BAC8 /* Test App GithubUITests */,
				006338E029E33C3800B8BAC8 /* Products */,
			);
			sourceTree = "<group>";
		};
		006338E029E33C3800B8BAC8 /* Products */ = {
			isa = PBXGroup;
			children = (
				006338DF29E33C3800B8BAC8 /* Test App Github.app */,
				006338F029E33C3900B8BAC8 /* Test App GithubTests.xctest */,
				006338FA29E33C3900B8BAC8 /* Test App GithubUITests.xctest */,
			);
			name = Products;
			sourceTree = "<group>";
		};
		006338E129E33C3800B8BAC8 /* Test App Github */ = {
			isa = PBXGroup;
			children = (
				006338E229E33C3800B8BAC8 /* Test_App_GithubApp.swift */,
				006338E429E33C3800B8BAC8 /* ContentView.swift */,
				006338E629E33C3900B8BAC8 /* Assets.xcassets */,
				006338E829E33C3900B8BAC8 /* Test_App_Github.entitlements */,
				006338E929E33C3900B8BAC8 /* Preview Content */,
			);
			path = "Test App Github";
			sourceTree = "<group>";
		};
		006338E929E33C3900B8BAC8 /* Preview Content */ = {
			isa = PBXGroup;
			children = (
				006338EA29E33C3900B8BAC8 /* Preview Assets.xcassets */,
			);
			path = "Preview Content";
			sourceTree = "<group>";
		};
		006338F329E33C3900B8BAC8 /* Test App GithubTests */ = {
			isa = PBXGroup;
			children = (
				006338F429E33C3900B8BAC8 /* Test_App_GithubTests.swift */,
			);
			path = "Test App GithubTests";
			sourceTree = "<group>";
		};
		006338FD29E33C3900B8BAC8 /* Test App GithubUITests */ = {
			isa = PBXGroup;
			children = (
				006338FE29E33C3900B8BAC8 /* Test_App_GithubUITests.swift */,
				0063390029E33C3900B8BAC8 /* Test_App_GithubUITestsLaunchTests.swift */,
			);
			path = "Test App GithubUITests";
			sourceTree = "<group>";
		};
/* End PBXGroup section */

/* Begin PBXNativeTarget section */
		006338DE29E33C3800B8BAC8 /* Test App Github */ = {
			isa = PBXNativeTarget;
			buildConfigurationList = 0063390429E33C3900B8BAC8 /* Build configuration list for PBXNativeTarget "Test App Github" */;
			buildPhases = (
				006338DB29E33C3800B8BAC8 /* Sources */,
				006338DC29E33C3800B8BAC8 /* Frameworks */,
				006338DD29E33C3800B8BAC8 /* Resources */,
			);
			buildRules = (
			);
			dependencies = (
			);
			name = "Test App Github";
			productName = "Test App Github";
			productReference = 006338DF29E33C3800B8BAC8 /* Test App Github.app */;
			productType = "com.apple.product-type.application";
		};
		006338EF29E33C3900B8BAC8 /* Test App GithubTests */ = {
			isa = PBXNativeTarget;
			buildConfigurationList = 0063390729E33C3900B8BAC8 /* Build configuration list for PBXNativeTarget "Test App GithubTests" */;
			buildPhases = (
				006338EC29E33C3900B8BAC8 /* Sources */,
				006338ED29E33C3900B8BAC8 /* Frameworks */,
				006338EE29E33C3900B8BAC8 /* Resources */,
			);
			buildRules = (
			);
			dependencies = (
				006338F229E33C3900B8BAC8 /* PBXTargetDependency */,
			);
			name = "Test App GithubTests";
			productName = "Test App GithubTests";
			productReference = 006338F029E33C3900B8BAC8 /* Test App GithubTests.xctest */;
			productType = "com.apple.product-type.bundle.unit-test";
		};
		006338F929E33C3900B8BAC8 /* Test App GithubUITests */ = {
			isa = PBXNativeTarget;
			buildConfigurationList = 0063390A29E33C3900B8BAC8 /* Build configuration list for PBXNativeTarget "Test App GithubUITests" */;
			buildPhases = (
				006338F629E33C3900B8BAC8 /* Sources */,
				006338F729E33C3900B8BAC8 /* Frameworks */,
				006338F829E33C3900B8BAC8 /* Resources */,
			);
			buildRules = (
			);
			dependencies = (
				006338FC29E33C3900B8BAC8 /* PBXTargetDependency */,
			);
			name = "Test App GithubUITests";
			productName = "Test App GithubUITests";
			productReference = 006338FA29E33C3900B8BAC8 /* Test App GithubUITests.xctest */;
			productType = "com.apple.product-type.bundle.ui-testing";
		};
/* End PBXNativeTarget section */

/* Begin PBXProject section */
		006338D729E33C3800B8BAC8 /* Project object */ = {
			isa = PBXProject;
			attributes = {
				BuildIndependentTargetsInParallel = 1;
				LastSwiftUpdateCheck = 1420;
				LastUpgradeCheck = 1420;
				TargetAttributes = {
					006338DE29E33C3800B8BAC8 = {
						CreatedOnToolsVersion = 14.2;
					};
					006338EF29E33C3900B8BAC8 = {
						CreatedOnToolsVersion = 14.2;
						TestTargetID = 006338DE29E33C3800B8BAC8;
					};
					006338F929E33C3900B8BAC8 = {
						CreatedOnToolsVersion = 14.2;
						TestTargetID = 006338DE29E33C3800B8BAC8;
					};
				};
			};
			buildConfigurationList = 006338DA29E33C3800B8BAC8 /* Build configuration list for PBXProject "Test App Github" */;
			compatibilityVersion = "Xcode 14.0";
			developmentRegion = en;
			hasScannedForEncodings = 0;
			knownRegions = (
				en,
				Base,
			);
			mainGroup = 006338D629E33C3800B8BAC8;
			productRefGroup = 006338E029E33C3800B8BAC8 /* Products */;
			projectDirPath = "";
			projectRoot = "";
			targets = (
				006338DE29E33C3800B8BAC8 /* Test App Github */,
				006338EF29E33C3900B8BAC8 /* Test App GithubTests */,
				006338F929E33C3900B8BAC8 /* Test App GithubUITests */,
			);
		};
/* End PBXProject section */

/* Begin PBXResourcesBuildPhase section */
		006338DD29E33C3800B8BAC8 /* Resources */ = {
			isa = PBXResourcesBuildPhase;
			buildActionMask = 2147483647;
			files = (
				006338EB29E33C3900B8BAC8 /* Preview Assets.xcassets in Resources */,
				006338E729E33C3900B8BAC8 /* Assets.xcassets in Resources */,
			);
			runOnlyForDeploymentPostprocessing = 0;
		};
		006338EE29E33C3900B8BAC8 /* Resources */ = {
			isa = PBXResourcesBuildPhase;
			buildActionMask = 2147483647;
			files = (
			);
			runOnlyForDeploymentPostprocessing = 0;
		};
		006338F829E33C3900B8BAC8 /* Resources */ = {
			isa = PBXResourcesBuildPhase;
			buildActionMask = 2147483647;
			files = (
			);
			runOnlyForDeploymentPostprocessing = 0;
		};
/* End PBXResourcesBuildPhase section */

/* Begin PBXSourcesBuildPhase section */
		006338DB29E33C3800B8BAC8 /* Sources */ = {
			isa = PBXSourcesBuildPhase;
			buildActionMask = 2147483647;
			files = (
				006338E529E33C3800B8BAC8 /* ContentView.swift in Sources */,
				006338E329E33C3800B8BAC8 /* Test_App_GithubApp.swift in Sources */,
			);
			runOnlyForDeploymentPostprocessing = 0;
		};
		006338EC29E33C3900B8BAC8 /* Sources */ = {
			isa = PBXSourcesBuildPhase;
			buildActionMask = 2147483647;
			files = (
				006338F529E33C3900B8BAC8 /* Test_App_GithubTests.swift in Sources */,
			);
			runOnlyForDeploymentPostprocessing = 0;
		};
		006338F629E33C3900B8BAC8 /* Sources */ = {
			isa = PBXSourcesBuildPhase;
			buildActionMask = 2147483647;
			files = (
				006338FF29E33C3900B8BAC8 /* Test_App_GithubUITests.swift in Sources */,
				0063390129E33C3900B8BAC8 /* Test_App_GithubUITestsLaunchTests.swift in Sources */,
			);
			runOnlyForDeploymentPostprocessing = 0;
		};
/* End PBXSourcesBuildPhase section */

/* Begin PBXTargetDependency section */
		006338F229E33C3900B8BAC8 /* PBXTargetDependency */ = {
			isa = PBXTargetDependency;
			target = 006338DE29E33C3800B8BAC8 /* Test App Github */;
			targetProxy = 006338F129E33C3900B8BAC8 /* PBXContainerItemProxy */;
		};
		006338FC29E33C3900B8BAC8 /* PBXTargetDependency */ = {
			isa = PBXTargetDependency;
			target = 006338DE29E33C3800B8BAC8 /* Test App Github */;
			targetProxy = 006338FB29E33C3900B8BAC8 /* PBXContainerItemProxy */;
		};
/* End PBXTargetDependency section */

/* Begin XCBuildConfiguration section */
		0063390229E33C3900B8BAC8 /* Debug */ = {
			isa = XCBuildConfiguration;
			buildSettings = {
				ALWAYS_SEARCH_USER_PATHS = NO;
				CLANG_ANALYZER_NONNULL = YES;
				CLANG_ANALYZER_NUMBER_OBJECT_CONVERSION = YES_AGGRESSIVE;
				CLANG_CXX_LANGUAGE_STANDARD = "gnu++20";
				CLANG_ENABLE_MODULES = YES;
				CLANG_ENABLE_OBJC_ARC = YES;
				CLANG_ENABLE_OBJC_WEAK = YES;
				CLANG_WARN_BLOCK_CAPTURE_AUTORELEASING = YES;
				CLANG_WARN_BOOL_CONVERSION = YES;
				CLANG_WARN_COMMA = YES;
				CLANG_WARN_CONSTANT_CONVERSION = YES;
				CLANG_WARN_DEPRECATED_OBJC_IMPLEMENTATIONS = YES;
				CLANG_WARN_DIRECT_OBJC_ISA_USAGE = YES_ERROR;
				CLANG_WARN_DOCUMENTATION_COMMENTS = YES;
				CLANG_WARN_EMPTY_BODY = YES;
				CLANG_WARN_ENUM_CONVERSION = YES;
				CLANG_WARN_INFINITE_RECURSION = YES;
				CLANG_WARN_INT_CONVERSION = YES;
				CLANG_WARN_NON_LITERAL_NULL_CONVERSION = YES;
				CLANG_WARN_OBJC_IMPLICIT_RETAIN_SELF = YES;
				CLANG_WARN_OBJC_LITERAL_CONVERSION = YES;
				CLANG_WARN_OBJC_ROOT_CLASS = YES_ERROR;
				CLANG_WARN_QUOTED_INCLUDE_IN_FRAMEWORK_HEADER = YES;
				CLANG_WARN_RANGE_LOOP_ANALYSIS = YES;
				CLANG_WARN_STRICT_PROTOTYPES = YES;
				CLANG_WARN_SUSPICIOUS_MOVE = YES;
				CLANG_WARN_UNGUARDED_AVAILABILITY = YES_AGGRESSIVE;
				CLANG_WARN_UNREACHABLE_CODE = YES;
				CLANG_WARN__DUPLICATE_METHOD_MATCH = YES;
				COPY_PHASE_STRIP = NO;
				DEBUG_INFORMATION_FORMAT = dwarf;
				ENABLE_STRICT_OBJC_MSGSEND = YES;
				ENABLE_TESTABILITY = YES;
				GCC_C_LANGUAGE_STANDARD = gnu11;
				GCC_DYNAMIC_NO_PIC = NO;
				GCC_NO_COMMON_BLOCKS = YES;
				GCC_OPTIMIZATION_LEVEL = 0;
				GCC_PREPROCESSOR_DEFINITIONS = (
					"DEBUG=1",
					"$(inherited)",
				);
				GCC_WARN_64_TO_32_BIT_CONVERSION = YES;
				GCC_WARN_ABOUT_RETURN_TYPE = YES_ERROR;
				GCC_WARN_UNDECLARED_SELECTOR = YES;
				GCC_WARN_UNINITIALIZED_AUTOS = YES_AGGRESSIVE;
				GCC_WARN_UNUSED_FUNCTION = YES;
				GCC_WARN_UNUSED_VARIABLE = YES;
				MTL_ENABLE_DEBUG_INFO = INCLUDE_SOURCE;
				MTL_FAST_MATH = YES;
				ONLY_ACTIVE_ARCH = YES;
				SWIFT_ACTIVE_COMPILATION_CONDITIONS = DEBUG;
				SWIFT_OPTIMIZATION_LEVEL = "-Onone";
			};
			name = Debug;
		};
		0063390329E33C3900B8BAC8 /* Release */ = {
			isa = XCBuildConfiguration;
			buildSettings = {
				ALWAYS_SEARCH_USER_PATHS = NO;
				CLANG_ANALYZER_NONNULL = YES;
				CLANG_ANALYZER_NUMBER_OBJECT_CONVERSION = YES_AGGRESSIVE;
				CLANG_CXX_LANGUAGE_STANDARD = "gnu++20";
				CLANG_ENABLE_MODULES = YES;
				CLANG_ENABLE_OBJC_ARC = YES;
				CLANG_ENABLE_OBJC_WEAK = YES;
				CLANG_WARN_BLOCK_CAPTURE_AUTORELEASING = YES;
				CLANG_WARN_BOOL_CONVERSION = YES;
				CLANG_WARN_COMMA = YES;
				CLANG_WARN_CONSTANT_CONVERSION = YES;
				CLANG_WARN_DEPRECATED_OBJC_IMPLEMENTATIONS = YES;
				CLANG_WARN_DIRECT_OBJC_ISA_USAGE = YES_ERROR;
				CLANG_WARN_DOCUMENTATION_COMMENTS = YES;
				CLANG_WARN_EMPTY_BODY = YES;
				CLANG_WARN_ENUM_CONVERSION = YES;
				CLANG_WARN_INFINITE_RECURSION = YES;
				CLANG_WARN_INT_CONVERSION = YES;
				CLANG_WARN_NON_LITERAL_NULL_CONVERSION = YES;
				CLANG_WARN_OBJC_IMPLICIT_RETAIN_SELF = YES;
				CLANG_WARN_OBJC_LITERAL_CONVERSION = YES;
				CLANG_WARN_OBJC_ROOT_CLASS = YES_ERROR;
				CLANG_WARN_QUOTED_INCLUDE_IN_FRAMEWORK_HEADER = YES;
				CLANG_WARN_RANGE_LOOP_ANALYSIS = YES;
				CLANG_WARN_STRICT_PROTOTYPES = YES;
				CLANG_WARN_SUSPICIOUS_MOVE = YES;
				CLANG_WARN_UNGUARDED_AVAILABILITY = YES_AGGRESSIVE;
				CLANG_WARN_UNREACHABLE_CODE = YES;
				CLANG_WARN__DUPLICATE_METHOD_MATCH = YES;
				COPY_PHASE_STRIP = NO;
				DEBUG_INFORMATION_FORMAT = "dwarf-with-dsym";
				ENABLE_NS_ASSERTIONS = NO;
				ENABLE_STRICT_OBJC_MSGSEND = YES;
				GCC_C_LANGUAGE_STANDARD = gnu11;
				GCC_NO_COMMON_BLOCKS = YES;
				GCC_WARN_64_TO_32_BIT_CONVERSION = YES;
				GCC_WARN_ABOUT_RETURN_TYPE = YES_ERROR;
				GCC_WARN_UNDECLARED_SELECTOR = YES;
				GCC_WARN_UNINITIALIZED_AUTOS = YES_AGGRESSIVE;
				GCC_WARN_UNUSED_FUNCTION = YES;
				GCC_WARN_UNUSED_VARIABLE = YES;
				MTL_ENABLE_DEBUG_INFO = NO;
				MTL_FAST_MATH = YES;
				SWIFT_COMPILATION_MODE = wholemodule;
				SWIFT_OPTIMIZATION_LEVEL = "-O";
			};
			name = Release;
		};
		0063390529E33C3900B8BAC8 /* Debug */ = {
			isa = XCBuildConfiguration;
			buildSettings = {
				ASSETCATALOG_COMPILER_APPICON_NAME = AppIcon;
				ASSETCATALOG_COMPILER_GLOBAL_ACCENT_COLOR_NAME = AccentColor;
				CODE_SIGN_ENTITLEMENTS = "Test App Github/Test_App_Github.entitlements";
				CODE_SIGN_STYLE = Automatic;
				CURRENT_PROJECT_VERSION = 1;
				DEVELOPMENT_ASSET_PATHS = "\"Test App Github/Preview Content\"";
				ENABLE_PREVIEWS = YES;
				GENERATE_INFOPLIST_FILE = YES;
				"INFOPLIST_KEY_UIApplicationSceneManifest_Generation[sdk=iphoneos*]" = YES;
				"INFOPLIST_KEY_UIApplicationSceneManifest_Generation[sdk=iphonesimulator*]" = YES;
				"INFOPLIST_KEY_UIApplicationSupportsIndirectInputEvents[sdk=iphoneos*]" = YES;
				"INFOPLIST_KEY_UIApplicationSupportsIndirectInputEvents[sdk=iphonesimulator*]" = YES;
				"INFOPLIST_KEY_UILaunchScreen_Generation[sdk=iphoneos*]" = YES;
				"INFOPLIST_KEY_UILaunchScreen_Generation[sdk=iphonesimulator*]" = YES;
				"INFOPLIST_KEY_UIStatusBarStyle[sdk=iphoneos*]" = UIStatusBarStyleDefault;
				"INFOPLIST_KEY_UIStatusBarStyle[sdk=iphonesimulator*]" = UIStatusBarStyleDefault;
				INFOPLIST_KEY_UISupportedInterfaceOrientations_iPad = "UIInterfaceOrientationPortrait UIInterfaceOrientationPortraitUpsideDown UIInterfaceOrientationLandscapeLeft UIInterfaceOrientationLandscapeRight";
				INFOPLIST_KEY_UISupportedInterfaceOrientations_iPhone = "UIInterfaceOrientationPortrait UIInterfaceOrientationLandscapeLeft UIInterfaceOrientationLandscapeRight";
				IPHONEOS_DEPLOYMENT_TARGET = 16.2;
				LD_RUNPATH_SEARCH_PATHS = "@executable_path/Frameworks";
				"LD_RUNPATH_SEARCH_PATHS[sdk=macosx*]" = "@executable_path/../Frameworks";
				MACOSX_DEPLOYMENT_TARGET = 12.6;
				MARKETING_VERSION = 1.0;
				PRODUCT_BUNDLE_IDENTIFIER = "UW-Madison.Test-App-Github";
				PRODUCT_NAME = "$(TARGET_NAME)";
				SDKROOT = auto;
				SUPPORTED_PLATFORMS = "iphoneos iphonesimulator macosx";
				SWIFT_EMIT_LOC_STRINGS = YES;
				SWIFT_VERSION = 5.0;
				TARGETED_DEVICE_FAMILY = "1,2";
			};
			name = Debug;
		};
		0063390629E33C3900B8BAC8 /* Release */ = {
			isa = XCBuildConfiguration;
			buildSettings = {
				ASSETCATALOG_COMPILER_APPICON_NAME = AppIcon;
				ASSETCATALOG_COMPILER_GLOBAL_ACCENT_COLOR_NAME = AccentColor;
				CODE_SIGN_ENTITLEMENTS = "Test App Github/Test_App_Github.entitlements";
				CODE_SIGN_STYLE = Automatic;
				CURRENT_PROJECT_VERSION = 1;
				DEVELOPMENT_ASSET_PATHS = "\"Test App Github/Preview Content\"";
				ENABLE_PREVIEWS = YES;
				GENERATE_INFOPLIST_FILE = YES;
				"INFOPLIST_KEY_UIApplicationSceneManifest_Generation[sdk=iphoneos*]" = YES;
				"INFOPLIST_KEY_UIApplicationSceneManifest_Generation[sdk=iphonesimulator*]" = YES;
				"INFOPLIST_KEY_UIApplicationSupportsIndirectInputEvents[sdk=iphoneos*]" = YES;
				"INFOPLIST_KEY_UIApplicationSupportsIndirectInputEvents[sdk=iphonesimulator*]" = YES;
				"INFOPLIST_KEY_UILaunchScreen_Generation[sdk=iphoneos*]" = YES;
				"INFOPLIST_KEY_UILaunchScreen_Generation[sdk=iphonesimulator*]" = YES;
				"INFOPLIST_KEY_UIStatusBarStyle[sdk=iphoneos*]" = UIStatusBarStyleDefault;
				"INFOPLIST_KEY_UIStatusBarStyle[sdk=iphonesimulator*]" = UIStatusBarStyleDefault;
				INFOPLIST_KEY_UISupportedInterfaceOrientations_iPad = "UIInterfaceOrientationPortrait UIInterfaceOrientationPortraitUpsideDown UIInterfaceOrientationLandscapeLeft UIInterfaceOrientationLandscapeRight";
				INFOPLIST_KEY_UISupportedInterfaceOrientations_iPhone = "UIInterfaceOrientationPortrait UIInterfaceOrientationLandscapeLeft UIInterfaceOrientationLandscapeRight";
				IPHONEOS_DEPLOYMENT_TARGET = 16.2;
				LD_RUNPATH_SEARCH_PATHS = "@executable_path/Frameworks";
				"LD_RUNPATH_SEARCH_PATHS[sdk=macosx*]" = "@executable_path/../Frameworks";
				MACOSX_DEPLOYMENT_TARGET = 12.6;
				MARKETING_VERSION = 1.0;
				PRODUCT_BUNDLE_IDENTIFIER = "UW-Madison.Test-App-Github";
				PRODUCT_NAME = "$(TARGET_NAME)";
				SDKROOT = auto;
				SUPPORTED_PLATFORMS = "iphoneos iphonesimulator macosx";
				SWIFT_EMIT_LOC_STRINGS = YES;
				SWIFT_VERSION = 5.0;
				TARGETED_DEVICE_FAMILY = "1,2";
			};
			name = Release;
		};
		0063390829E33C3900B8BAC8 /* Debug */ = {
			isa = XCBuildConfiguration;
			buildSettings = {
				ALWAYS_EMBED_SWIFT_STANDARD_LIBRARIES = YES;
				BUNDLE_LOADER = "$(TEST_HOST)";
				CODE_SIGN_STYLE = Automatic;
				CURRENT_PROJECT_VERSION = 1;
				GENERATE_INFOPLIST_FILE = YES;
				IPHONEOS_DEPLOYMENT_TARGET = 16.2;
				MACOSX_DEPLOYMENT_TARGET = 12.6;
				MARKETING_VERSION = 1.0;
				PRODUCT_BUNDLE_IDENTIFIER = "UW-Madison.Test-App-GithubTests";
				PRODUCT_NAME = "$(TARGET_NAME)";
				SDKROOT = auto;
				SUPPORTED_PLATFORMS = "iphoneos iphonesimulator macosx";
				SWIFT_EMIT_LOC_STRINGS = NO;
				SWIFT_VERSION = 5.0;
				TARGETED_DEVICE_FAMILY = "1,2";
				TEST_HOST = "$(BUILT_PRODUCTS_DIR)/Test App Github.app/$(BUNDLE_EXECUTABLE_FOLDER_PATH)/Test App Github";
			};
			name = Debug;
		};
		0063390929E33C3900B8BAC8 /* Release */ = {
			isa = XCBuildConfiguration;
			buildSettings = {
				ALWAYS_EMBED_SWIFT_STANDARD_LIBRARIES = YES;
				BUNDLE_LOADER = "$(TEST_HOST)";
				CODE_SIGN_STYLE = Automatic;
				CURRENT_PROJECT_VERSION = 1;
				GENERATE_INFOPLIST_FILE = YES;
				IPHONEOS_DEPLOYMENT_TARGET = 16.2;
				MACOSX_DEPLOYMENT_TARGET = 12.6;
				MARKETING_VERSION = 1.0;
				PRODUCT_BUNDLE_IDENTIFIER = "UW-Madison.Test-App-GithubTests";
				PRODUCT_NAME = "$(TARGET_NAME)";
				SDKROOT = auto;
				SUPPORTED_PLATFORMS = "iphoneos iphonesimulator macosx";
				SWIFT_EMIT_LOC_STRINGS = NO;
				SWIFT_VERSION = 5.0;
				TARGETED_DEVICE_FAMILY = "1,2";
				TEST_HOST = "$(BUILT_PRODUCTS_DIR)/Test App Github.app/$(BUNDLE_EXECUTABLE_FOLDER_PATH)/Test App Github";
			};
			name = Release;
		};
		0063390B29E33C3900B8BAC8 /* Debug */ = {
			isa = XCBuildConfiguration;
			buildSettings = {
				ALWAYS_EMBED_SWIFT_STANDARD_LIBRARIES = YES;
				CODE_SIGN_STYLE = Automatic;
				CURRENT_PROJECT_VERSION = 1;
				GENERATE_INFOPLIST_FILE = YES;
				IPHONEOS_DEPLOYMENT_TARGET = 16.2;
				MACOSX_DEPLOYMENT_TARGET = 12.6;
				MARKETING_VERSION = 1.0;
				PRODUCT_BUNDLE_IDENTIFIER = "UW-Madison.Test-App-GithubUITests";
				PRODUCT_NAME = "$(TARGET_NAME)";
				SDKROOT = auto;
				SUPPORTED_PLATFORMS = "iphoneos iphonesimulator macosx";
				SWIFT_EMIT_LOC_STRINGS = NO;
				SWIFT_VERSION = 5.0;
				TARGETED_DEVICE_FAMILY = "1,2";
				TEST_TARGET_NAME = "Test App Github";
			};
			name = Debug;
		};
		0063390C29E33C3900B8BAC8 /* Release */ = {
			isa = XCBuildConfiguration;
			buildSettings = {
				ALWAYS_EMBED_SWIFT_STANDARD_LIBRARIES = YES;
				CODE_SIGN_STYLE = Automatic;
				CURRENT_PROJECT_VERSION = 1;
				GENERATE_INFOPLIST_FILE = YES;
				IPHONEOS_DEPLOYMENT_TARGET = 16.2;
				MACOSX_DEPLOYMENT_TARGET = 12.6;
				MARKETING_VERSION = 1.0;
				PRODUCT_BUNDLE_IDENTIFIER = "UW-Madison.Test-App-GithubUITests";
				PRODUCT_NAME = "$(TARGET_NAME)";
				SDKROOT = auto;
				SUPPORTED_PLATFORMS = "iphoneos iphonesimulator macosx";
				SWIFT_EMIT_LOC_STRINGS = NO;
				SWIFT_VERSION = 5.0;
				TARGETED_DEVICE_FAMILY = "1,2";
				TEST_TARGET_NAME = "Test App Github";
			};
			name = Release;
		};
/* End XCBuildConfiguration section */

/* Begin XCConfigurationList section */
		006338DA29E33C3800B8BAC8 /* Build configuration list for PBXProject "Test App Github" */ = {
			isa = XCConfigurationList;
			buildConfigurations = (
				0063390229E33C3900B8BAC8 /* Debug */,
				0063390329E33C3900B8BAC8 /* Release */,
			);
			defaultConfigurationIsVisible = 0;
			defaultConfigurationName = Release;
		};
		0063390429E33C3900B8BAC8 /* Build configuration list for PBXNativeTarget "Test App Github" */ = {
			isa = XCConfigurationList;
			buildConfigurations = (
				0063390529E33C3900B8BAC8 /* Debug */,
				0063390629E33C3900B8BAC8 /* Release */,
			);
			defaultConfigurationIsVisible = 0;
			defaultConfigurationName = Release;
		};
		0063390729E33C3900B8BAC8 /* Build configuration list for PBXNativeTarget "Test App GithubTests" */ = {
			isa = XCConfigurationList;
			buildConfigurations = (
				0063390829E33C3900B8BAC8 /* Debug */,
				0063390929E33C3900B8BAC8 /* Release */,
			);
			defaultConfigurationIsVisible = 0;
			defaultConfigurationName = Release;
		};
		0063390A29E33C3900B8BAC8 /* Build configuration list for PBXNativeTarget "Test App GithubUITests" */ = {
			isa = XCConfigurationList;
			buildConfigurations = (
				0063390B29E33C3900B8BAC8 /* Debug */,
				0063390C29E33C3900B8BAC8 /* Release */,
			);
			defaultConfigurationIsVisible = 0;
			defaultConfigurationName = Release;
		};
/* End XCConfigurationList section */
	};
	rootObject = 006338D729E33C3800B8BAC8 /* Project object */;
}
